
Microsoft Visual Studio Solution File, Format Version 12.00
# Visual Studio Version 17
VisualStudioVersion = 17.9.34622.214
MinimumVisualStudioVersion = 10.0.40219.1
Project("{8BC9CEB8-8B4A-11D0-8D11-00A0C91BC942}") = "Tetris", "SFML Uno.vcxproj", "{A0EB4812-AD7E-45BE-AC94-029F0D58F57E}"
EndProject
Project("{8BC9CEB8-8B4A-11D0-8D11-00A0C91BC942}") = "Playground", "..\Playground\Playground.vcxproj", "{F9E4B103-2B1F-44C9-A2FD-517A9AEF54E7}"
EndProject
Global
	GlobalSection(SolutionConfigurationPlatforms) = preSolution
		Debug|x64 = Debug|x64
		Debug|x86 = Debug|x86
		Release|x64 = Release|x64
		Release|x86 = Release|x86
	EndGlobalSection
	GlobalSection(ProjectConfigurationPlatforms) = postSolution
		{A0EB4812-AD7E-45BE-AC94-029F0D58F57E}.Debug|x64.ActiveCfg = Debug|x64
		{A0EB4812-AD7E-45BE-AC94-029F0D58F57E}.Debug|x64.Build.0 = Debug|x64
		{A0EB4812-AD7E-45BE-AC94-029F0D58F57E}.Debug|x86.ActiveCfg = Debug|Win32
		{A0EB4812-AD7E-45BE-AC94-029F0D58F57E}.Debug|x86.Build.0 = Debug|Win32
		{A0EB4812-AD7E-45BE-AC94-029F0D58F57E}.Release|x64.ActiveCfg = Release|x64
		{A0EB4812-AD7E-45BE-AC94-029F0D58F57E}.Release|x64.Build.0 = Release|x64
		{A0EB4812-AD7E-45BE-AC94-029F0D58F57E}.Release|x86.ActiveCfg = Release|Win32
		{A0EB4812-AD7E-45BE-AC94-029F0D58F57E}.Release|x86.Build.0 = Release|Win32
		{F9E4B103-2B1F-44C9-A2FD-517A9AEF54E7}.Debug|x64.ActiveCfg = Debug|x64
		{F9E4B103-2B1F-44C9-A2FD-517A9AEF54E7}.Debug|x64.Build.0 = Debug|x64
		{F9E4B103-2B1F-44C9-A2FD-517A9AEF54E7}.Debug|x86.ActiveCfg = Debug|Win32
		{F9E4B103-2B1F-44C9-A2FD-517A9AEF54E7}.Debug|x86.Build.0 = Debug|Win32
		{F9E4B103-2B1F-44C9-A2FD-517A9AEF54E7}.Release|x64.ActiveCfg = Release|x64
		{F9E4B103-2B1F-44C9-A2FD-517A9AEF54E7}.Release|x64.Build.0 = Release|x64
		{F9E4B103-2B1F-44C9-A2FD-517A9AEF54E7}.Release|x86.ActiveCfg = Release|Win32
		{F9E4B103-2B1F-44C9-A2FD-517A9AEF54E7}.Release|x86.Build.0 = Release|Win32
	EndGlobalSection
	GlobalSection(SolutionProperties) = preSolution
		HideSolutionNode = FALSE
	EndGlobalSection
	GlobalSection(ExtensibilityGlobals) = postSolution
		SolutionGuid = {1FD18580-E89B-485F-AA5C-03AA8C2B48BD}
	EndGlobalSection
EndGlobal
